<?xml version="1.0" encoding="utf-8"?>
<Project ToolsVersion="4.0" xmlns="http://schemas.microsoft.com/developer/msbuild/2003">
  <ItemGroup>
    <Filter Include="Source Files">
      <UniqueIdentifier>{4FC737F1-C7A5-4376-A066-2A32D752A2FF}</UniqueIdentifier>
      <Extensions>cpp;c;cc;cxx;def;odl;idl;hpj;bat;asm;asmx</Extensions>
    </Filter>
    <Filter Include="Header Files">
      <UniqueIdentifier>{93995380-89BD-4b04-88EB-625FBE52EBFB}</UniqueIdentifier>
      <Extensions>h;hpp;hxx;hm;inl;inc;xsd</Extensions>
    </Filter>
    <Filter Include="Resource Files">
      <UniqueIdentifier>{67DA6AB6-F800-4c08-8B7A-83BB121AAD01}</UniqueIdentifier>
      <Extensions>rc;ico;cur;bmp;dlg;rc2;rct;bin;rgs;gif;jpg;jpeg;jpe;resx;tiff;tif;png;wav;mfcribbon-ms</Extensions>
    </Filter>
  </ItemGroup>
  <ItemGroup>
    <ClInclude Include="set.h">
      <Filter>Header Files</Filter>
    </ClInclude>
    <ClInclude Include="athena.h">
      <Filter>Header Files</Filter>
    </ClInclude>
    <ClInclude Include="adlist.h">
      <Filter>Header Files</Filter>
    </ClInclude>
    <ClInclude Include="dict.h">
      <Filter>Header Files</Filter>
    </ClInclude>
    <ClInclude Include="syncengine.h">
      <Filter>Header Files</Filter>
    </ClInclude>
    <ClInclude Include="sds.h">
      <Filter>Header Files</Filter>
    </ClInclude>
    <ClInclude Include="dbengine.h">
      <Filter>Header Files</Filter>
    </ClInclude>
    <ClInclude Include="dbobject.h">
      <Filter>Header Files</Filter>
    </ClInclude>
    <ClInclude Include="tuple.h">
      <Filter>Header Files</Filter>
    </ClInclude>
    <ClInclude Include="setutils.h">
      <Filter>Header Files</Filter>
    </ClInclude>
    <ClInclude Include="tokenizer.h">
      <Filter>Header Files</Filter>
    </ClInclude>
    <ClInclude Include="stack.h">
      <Filter>Header Files</Filter>
    </ClInclude>
    <ClInclude Include="eval.h">
      <Filter>Header Files</Filter>
    </ClInclude>
    <ClInclude Include="command.h">
      <Filter>Header Files</Filter>
    </ClInclude>
  </ItemGroup>
  <ItemGroup>
    <ClCompile Include="set.c">
      <Filter>Source Files</Filter>
    </ClCompile>
    <ClCompile Include="adlist.c">
      <Filter>Source Files</Filter>
    </ClCompile>
    <ClCompile Include="dict.c">
      <Filter>Source Files</Filter>
    </ClCompile>
    <ClCompile Include="syncengine.c">
      <Filter>Source Files</Filter>
    </ClCompile>
    <ClCompile Include="dbengine.c">
      <Filter>Source Files</Filter>
    </ClCompile>
    <ClCompile Include="sds.c">
      <Filter>Source Files</Filter>
    </ClCompile>
    <ClCompile Include="dbobject.c">
      <Filter>Source Files</Filter>
    </ClCompile>
    <ClCompile Include="tuple.c">
      <Filter>Source Files</Filter>
    </ClCompile>
    <ClCompile Include="setutils.c">
      <Filter>Source Files</Filter>
    </ClCompile>
    <ClCompile Include="tokenizer.c">
      <Filter>Source Files</Filter>
    </ClCompile>
    <ClCompile Include="stack.c">
      <Filter>Source Files</Filter>
    </ClCompile>
    <ClCompile Include="eval.c">
      <Filter>Source Files</Filter>
    </ClCompile>
    <ClCompile Include="commands.c">
      <Filter>Source Files</Filter>
    </ClCompile>
    <ClCompile Include="athena.c">
      <Filter>Source Files</Filter>
    </ClCompile>
    <ClCompile Include="command.c">
      <Filter>Source Files</Filter>
    </ClCompile>
  </ItemGroup>
</Project>